Microsoft Visual Studio Solution File, Format Version 12.00
# Visual Studio Version 17
VisualStudioVersion = 17.5.2.0
MinimumVisualStudioVersion = 10.0.40219.1
Project("{FAE04EC0-301F-11D3-BF4B-00C04F79EFBC}") = "OnlineClassManagement", "OnlineClassManagement.csproj", "{C1BEFE2D-F8C1-B467-A78E-84DA704F7D4F}"
EndProject
Global
	GlobalSection(SolutionConfigurationPlatforms) = preSolution
		Debug|Any CPU = Debug|Any CPU
		Release|Any CPU = Release|Any CPU
	EndGlobalSection
	GlobalSection(ProjectConfigurationPlatforms) = postSolution
		{C1BEFE2D-F8C1-B467-A78E-84DA704F7D4F}.Debug|Any CPU.ActiveCfg = Debug|Any CPU
		{C1BEFE2D-F8C1-B467-A78E-84DA704F7D4F}.Debug|Any CPU.Build.0 = Debug|Any CPU
		{C1BEFE2D-F8C1-B467-A78E-84DA704F7D4F}.Release|Any CPU.ActiveCfg = Release|Any CPU
		{C1BEFE2D-F8C1-B467-A78E-84DA704F7D4F}.Release|Any CPU.Build.0 = Release|Any CPU
	EndGlobalSection
	GlobalSection(SolutionProperties) = preSolution
		HideSolutionNode = FALSE
	EndGlobalSection
	GlobalSection(ExtensibilityGlobals) = postSolution
		SolutionGuid = {46CB2E19-1C23-43D4-A7C2-BF22BEE3B2E1}
	EndGlobalSection
EndGlobal
